
Microsoft Visual Studio Solution File, Format Version 12.00
# Visual Studio Version 17
VisualStudioVersion = 17.1.32210.238
MinimumVisualStudioVersion = 10.0.40219.1
Project("{9A19103F-16F7-4668-BE54-9A1E7A4F7556}") = "UserRegistrationRegex", "UserRegistrationRegex.csproj", "{F34D3B42-556A-4E20-98FA-2B58617B58C1}"
EndProject
Project("{FAE04EC0-301F-11D3-BF4B-00C04F79EFBC}") = "UserRegistrationTesting", "..\UserRegistrationTesting\UserRegistrationTesting.csproj", "{7E6E1E15-7675-457D-951D-AC3BC0F50DD0}"
EndProject
Global
	GlobalSection(SolutionConfigurationPlatforms) = preSolution
		Debug|Any CPU = Debug|Any CPU
		Release|Any CPU = Release|Any CPU
	EndGlobalSection
	GlobalSection(ProjectConfigurationPlatforms) = postSolution
		{F34D3B42-556A-4E20-98FA-2B58617B58C1}.Debug|Any CPU.ActiveCfg = Debug|Any CPU
		{F34D3B42-556A-4E20-98FA-2B58617B58C1}.Debug|Any CPU.Build.0 = Debug|Any CPU
		{F34D3B42-556A-4E20-98FA-2B58617B58C1}.Release|Any CPU.ActiveCfg = Release|Any CPU
		{F34D3B42-556A-4E20-98FA-2B58617B58C1}.Release|Any CPU.Build.0 = Release|Any CPU
		{7E6E1E15-7675-457D-951D-AC3BC0F50DD0}.Debug|Any CPU.ActiveCfg = Debug|Any CPU
		{7E6E1E15-7675-457D-951D-AC3BC0F50DD0}.Debug|Any CPU.Build.0 = Debug|Any CPU
		{7E6E1E15-7675-457D-951D-AC3BC0F50DD0}.Release|Any CPU.ActiveCfg = Release|Any CPU
		{7E6E1E15-7675-457D-951D-AC3BC0F50DD0}.Release|Any CPU.Build.0 = Release|Any CPU
	EndGlobalSection
	GlobalSection(SolutionProperties) = preSolution
		HideSolutionNode = FALSE
	EndGlobalSection
	GlobalSection(ExtensibilityGlobals) = postSolution
		SolutionGuid = {B3F34589-DAA3-44F6-9B47-57C10EA31AC3}
	EndGlobalSection
EndGlobal
